
Microsoft Visual Studio Solution File, Format Version 12.00
# Visual Studio Version 17
VisualStudioVersion = 17.0.31717.71
MinimumVisualStudioVersion = 10.0.40219.1
Project("{FAE04EC0-301F-11D3-BF4B-00C04F79EFBC}") = "AhpWeightCalculator", "AhpWeighCalculator\AhpWeightCalculator.csproj", "{1971261E-BAD9-4286-9659-4548DB9E45E8}"
EndProject
Global
	GlobalSection(SolutionConfigurationPlatforms) = preSolution
		Debug|Any CPU = Debug|Any CPU
		Release|Any CPU = Release|Any CPU
	EndGlobalSection
	GlobalSection(ProjectConfigurationPlatforms) = postSolution
		{1971261E-BAD9-4286-9659-4548DB9E45E8}.Debug|Any CPU.ActiveCfg = Debug|Any CPU
		{1971261E-BAD9-4286-9659-4548DB9E45E8}.Debug|Any CPU.Build.0 = Debug|Any CPU
		{1971261E-BAD9-4286-9659-4548DB9E45E8}.Release|Any CPU.ActiveCfg = Release|Any CPU
		{1971261E-BAD9-4286-9659-4548DB9E45E8}.Release|Any CPU.Build.0 = Release|Any CPU
	EndGlobalSection
	GlobalSection(SolutionProperties) = preSolution
		HideSolutionNode = FALSE
	EndGlobalSection
	GlobalSection(ExtensibilityGlobals) = postSolution
		SolutionGuid = {DFA399F4-9032-4526-A14E-155BABF801C0}
	EndGlobalSection
EndGlobal
